{
  "name": "stripe-kmm",
  "lockfileVersion": 3,
  "requires": true,
  "packages": {
    "": {
      "dependencies": {
        "@stripe/stripe-js": "^4.4.0"
      }
    },
    "node_modules/@stripe/stripe-js": {
      "version": "4.4.0",
      "resolved": "https://registry.npmjs.org/@stripe/stripe-js/-/stripe-js-4.4.0.tgz",
      "integrity": "sha512-p1WeTOwnAyXQ9I5/YC3+JXoUB6NKMR4qGjBobie2+rgYa3ftUTRS2L5qRluw/tGACty5SxqnfORCdsaymD1XjQ==",
      "license": "MIT",
      "engines": {
        "node": ">=12.16"
      }
    }
  }
}
