{
  "originHash" : "bb38efff494ff886cd599c36a80c729a15df04104863eb6ff07de6a87fe8d349",
  "pins" : [
    {
      "identity" : "stripe-ios-spm",
      "kind" : "remoteSourceControl",
      "location" : "https://github.com/stripe/stripe-ios-spm.git",
      "state" : {
        "revision" : "d408e7e9d00e6c25de0e7ef3571207bb02582791",
        "version" : "23.31.1"
      }
    }
  ],
  "version" : 3
}
